
Microsoft Visual Studio Solution File, Format Version 12.00
# Visual Studio Version 17
VisualStudioVersion = 17.4.33122.133
MinimumVisualStudioVersion = 10.0.40219.1
Project("{FAE04EC0-301F-11D3-BF4B-00C04F79EFBC}") = "Circle_Time", "Circle_Time\Circle_Time.csproj", "{DCDCC29D-C143-4197-99D6-D7322A687C43}"
EndProject
Global
	GlobalSection(SolutionConfigurationPlatforms) = preSolution
		Debug|Any CPU = Debug|Any CPU
		Release|Any CPU = Release|Any CPU
	EndGlobalSection
	GlobalSection(ProjectConfigurationPlatforms) = postSolution
		{DCDCC29D-C143-4197-99D6-D7322A687C43}.Debug|Any CPU.ActiveCfg = Debug|Any CPU
		{DCDCC29D-C143-4197-99D6-D7322A687C43}.Debug|Any CPU.Build.0 = Debug|Any CPU
		{DCDCC29D-C143-4197-99D6-D7322A687C43}.Release|Any CPU.ActiveCfg = Release|Any CPU
		{DCDCC29D-C143-4197-99D6-D7322A687C43}.Release|Any CPU.Build.0 = Release|Any CPU
	EndGlobalSection
	GlobalSection(SolutionProperties) = preSolution
		HideSolutionNode = FALSE
	EndGlobalSection
	GlobalSection(ExtensibilityGlobals) = postSolution
		SolutionGuid = {7C475DC7-64A0-47C4-82EB-B381811505B6}
	EndGlobalSection
EndGlobal
